
Microsoft Visual Studio Solution File, Format Version 12.00
# Visual Studio 15
VisualStudioVersion = 15.0.26403.7
MinimumVisualStudioVersion = 10.0.40219.1
Project("{FAE04EC0-301F-11D3-BF4B-00C04F79EFBC}") = "ubersetzer", "ubersetzer\ubersetzer.csproj", "{8625C819-730C-41CB-BA6B-D4B466DB196E}"
EndProject
Project("{54435603-DBB4-11D2-8724-00A0C9A8B90C}") = "ubersetzer_setup", "ubersetzer_setup\ubersetzer_setup.vdproj", "{6C5ABEE6-2E62-4AE1-92B5-36E855A597A1}"
EndProject
Global
	GlobalSection(SolutionConfigurationPlatforms) = preSolution
		Debug|Any CPU = Debug|Any CPU
		Debug|x86 = Debug|x86
		Release|Any CPU = Release|Any CPU
		Release|x86 = Release|x86
	EndGlobalSection
	GlobalSection(ProjectConfigurationPlatforms) = postSolution
		{8625C819-730C-41CB-BA6B-D4B466DB196E}.Debug|Any CPU.ActiveCfg = Debug|Any CPU
		{8625C819-730C-41CB-BA6B-D4B466DB196E}.Debug|Any CPU.Build.0 = Debug|Any CPU
		{8625C819-730C-41CB-BA6B-D4B466DB196E}.Debug|x86.ActiveCfg = Debug|x86
		{8625C819-730C-41CB-BA6B-D4B466DB196E}.Debug|x86.Build.0 = Debug|x86
		{8625C819-730C-41CB-BA6B-D4B466DB196E}.Release|Any CPU.ActiveCfg = Release|Any CPU
		{8625C819-730C-41CB-BA6B-D4B466DB196E}.Release|Any CPU.Build.0 = Release|Any CPU
		{8625C819-730C-41CB-BA6B-D4B466DB196E}.Release|x86.ActiveCfg = Release|x86
		{8625C819-730C-41CB-BA6B-D4B466DB196E}.Release|x86.Build.0 = Release|x86
		{6C5ABEE6-2E62-4AE1-92B5-36E855A597A1}.Debug|Any CPU.ActiveCfg = Debug
		{6C5ABEE6-2E62-4AE1-92B5-36E855A597A1}.Debug|x86.ActiveCfg = Debug
		{6C5ABEE6-2E62-4AE1-92B5-36E855A597A1}.Release|Any CPU.ActiveCfg = Release
		{6C5ABEE6-2E62-4AE1-92B5-36E855A597A1}.Release|x86.ActiveCfg = Release
	EndGlobalSection
	GlobalSection(SolutionProperties) = preSolution
		HideSolutionNode = FALSE
	EndGlobalSection
EndGlobal
